{
  "name": "nextminecraftdatabase",
  "version": "1.0.0",
  "lockfileVersion": 3,
  "requires": true,
  "packages": {
    "": {
      "name": "nextminecraftdatabase",
      "version": "1.0.0",
      "license": "ISC",
      "dependencies": {
        "@minecraft/server": "^1.4.0-beta.1.20.10-stable",
        "@minecraft/server-ui": "^1.2.0-beta.1.20.10-stable"
      }
    },
    "node_modules/@minecraft/server": {
      "version": "1.4.0-rc.1.20.40-preview.21",
      "resolved": "https://registry.npmjs.org/@minecraft/server/-/server-1.4.0-rc.1.20.40-preview.21.tgz",
      "integrity": "sha512-Vd9y2NNvm8biES/XoAw/2+8lPZfHwz/IEuFIDGgOZZl2XJwvCxfmxWXgKixxhlMyDMAKcjZSgPbdI4BWHydvmg=="
    },
    "node_modules/@minecraft/server-ui": {
      "version": "1.2.0-beta.1.20.40-preview.21",
      "resolved": "https://registry.npmjs.org/@minecraft/server-ui/-/server-ui-1.2.0-beta.1.20.40-preview.21.tgz",
      "integrity": "sha512-ld3muz4MwFX5LkezWHa7HP3/Aq2KzE/bihkzDX2MLZqJY292yWnrnWhfov1mKo8zWAVO5xf3wJ3fMB4cf6CGrg==",
      "dependencies": {
        "@minecraft/server": "^1.7.0-beta.1.20.40-preview.21"
      }
    },
    "node_modules/@minecraft/server-ui/node_modules/@minecraft/server": {
      "version": "1.7.0-beta.1.20.40-preview.21",
      "resolved": "https://registry.npmjs.org/@minecraft/server/-/server-1.7.0-beta.1.20.40-preview.21.tgz",
      "integrity": "sha512-SeSkQqr5pLbfHOUP2urE+Ngd0WrpQ5m4TelMQBBPtTAwnr0EAZOfUKqlTIjeoKccKxXpk/EhBFDeKBK1kCKYRA=="
    }
  }
}
