{
  "name": "nextminecraftdatabase",
  "version": "1.0.0",
  "lockfileVersion": 3,
  "requires": true,
  "packages": {
    "": {
      "name": "nextminecraftdatabase",
      "version": "1.0.0",
      "license": "ISC",
      "dependencies": {
        "@minecraft/server": "^1.7.0-beta.1.20.40-preview.24"
      }
    },
    "node_modules/@minecraft/common": {
      "version": "1.0.0-rc.1.20.50-preview.21",
      "resolved": "https://registry.npmjs.org/@minecraft/common/-/common-1.0.0-rc.1.20.50-preview.21.tgz",
      "integrity": "sha512-pUhMAInbh9+8cOTvQVeGfbn6h0WPTPgKkdeZFBmQJqc2NgrIyJDyDZ5x5VfuV+mimCXCxbsxH7sUWzxKpeobAg=="
    },
    "node_modules/@minecraft/server": {
      "version": "1.7.0-beta.1.20.40-preview.24",
      "resolved": "https://registry.npmjs.org/@minecraft/server/-/server-1.7.0-beta.1.20.40-preview.24.tgz",
      "integrity": "sha512-SS9n2Se9M6Ad3oFyU8VCBHVW36uQQ6RU02wev3wEuVAsY5eGnoDUVw+TKuiu6i0cCHTq3dL3qes3wSF7r3vayw==",
      "dependencies": {
        "@minecraft/common": "^1.0.0-rc.1.20.40-preview.24"
      }
    }
  }
}
